
Microsoft Visual Studio Solution File, Format Version 12.00
# Visual Studio Version 17
VisualStudioVersion = 17.3.32819.101
MinimumVisualStudioVersion = 10.0.40219.1
Project("{FAE04EC0-301F-11D3-BF4B-00C04F79EFBC}") = "Anupama", "Anupama\Anupama.csproj", "{96255A1A-13CB-479E-879F-6215DA715621}"
EndProject
Global
	GlobalSection(SolutionConfigurationPlatforms) = preSolution
		Debug|Any CPU = Debug|Any CPU
		Release|Any CPU = Release|Any CPU
	EndGlobalSection
	GlobalSection(ProjectConfigurationPlatforms) = postSolution
		{96255A1A-13CB-479E-879F-6215DA715621}.Debug|Any CPU.ActiveCfg = Debug|Any CPU
		{96255A1A-13CB-479E-879F-6215DA715621}.Debug|Any CPU.Build.0 = Debug|Any CPU
		{96255A1A-13CB-479E-879F-6215DA715621}.Release|Any CPU.ActiveCfg = Release|Any CPU
		{96255A1A-13CB-479E-879F-6215DA715621}.Release|Any CPU.Build.0 = Release|Any CPU
	EndGlobalSection
	GlobalSection(SolutionProperties) = preSolution
		HideSolutionNode = FALSE
	EndGlobalSection
	GlobalSection(ExtensibilityGlobals) = postSolution
		SolutionGuid = {0D203085-7099-47C6-BCE9-ECA370DD05EF}
	EndGlobalSection
EndGlobal
